
Microsoft Visual Studio Solution File, Format Version 12.00
# Visual Studio Version 16
VisualStudioVersion = 16.0.30804.86
MinimumVisualStudioVersion = 10.0.40219.1
Project("{FAE04EC0-301F-11D3-BF4B-00C04F79EFBC}") = "leave-management", "leave-management\leave-management.csproj", "{893F7999-CEBC-46A4-B597-B703F5B5EC28}"
EndProject
Global
	GlobalSection(SolutionConfigurationPlatforms) = preSolution
		Debug|Any CPU = Debug|Any CPU
		Release|Any CPU = Release|Any CPU
	EndGlobalSection
	GlobalSection(ProjectConfigurationPlatforms) = postSolution
		{893F7999-CEBC-46A4-B597-B703F5B5EC28}.Debug|Any CPU.ActiveCfg = Debug|Any CPU
		{893F7999-CEBC-46A4-B597-B703F5B5EC28}.Debug|Any CPU.Build.0 = Debug|Any CPU
		{893F7999-CEBC-46A4-B597-B703F5B5EC28}.Release|Any CPU.ActiveCfg = Release|Any CPU
		{893F7999-CEBC-46A4-B597-B703F5B5EC28}.Release|Any CPU.Build.0 = Release|Any CPU
	EndGlobalSection
	GlobalSection(SolutionProperties) = preSolution
		HideSolutionNode = FALSE
	EndGlobalSection
	GlobalSection(ExtensibilityGlobals) = postSolution
		SolutionGuid = {B1444EA8-FC26-4CAC-86A6-EEB0EE58829D}
	EndGlobalSection
EndGlobal
